
Microsoft Visual Studio Solution File, Format Version 12.00
# Visual Studio Version 16
VisualStudioVersion = 16.0.31613.86
MinimumVisualStudioVersion = 10.0.40219.1
Project("{888888A0-9F3D-457C-B088-3A5042F75D52}") = "KFL_Website", "KFL_Website.pyproj", "{66C2BE17-0C49-4E30-8597-4DB621EE968A}"
EndProject
Global
	GlobalSection(SolutionConfigurationPlatforms) = preSolution
		Debug|Any CPU = Debug|Any CPU
		Release|Any CPU = Release|Any CPU
	EndGlobalSection
	GlobalSection(ProjectConfigurationPlatforms) = postSolution
		{66C2BE17-0C49-4E30-8597-4DB621EE968A}.Debug|Any CPU.ActiveCfg = Debug|Any CPU
		{66C2BE17-0C49-4E30-8597-4DB621EE968A}.Debug|Any CPU.Build.0 = Debug|Any CPU
		{66C2BE17-0C49-4E30-8597-4DB621EE968A}.Release|Any CPU.ActiveCfg = Release|Any CPU
		{66C2BE17-0C49-4E30-8597-4DB621EE968A}.Release|Any CPU.Build.0 = Release|Any CPU
	EndGlobalSection
	GlobalSection(SolutionProperties) = preSolution
		HideSolutionNode = FALSE
	EndGlobalSection
	GlobalSection(ExtensibilityGlobals) = postSolution
		SolutionGuid = {00F06235-A829-462C-8FBD-3042A5F81997}
	EndGlobalSection
EndGlobal
